# THIS IS AN AUTOGENERATED FILE. DO NOT EDIT THIS FILE DIRECTLY.
# yarn lockfile v1


path-parse@^1.0.6:
  version "1.0.6"
  resolved "https://registry.yarnpkg.com/path-parse/-/path-parse-1.0.6.tgz#d62dbb5679405d72c4737ec58600e9ddcf06d24c"
  integrity sha512-GSmOT2EbHrINBf9SR7CDELwlJ8AENk3Qn7OikK4nFYAu3Ote2+JYNVvkpAEQm3/TLNEJFD/xZJjzyxg3KBWOzw==

resolve@^1.9.0:
  version "1.15.1"
  resolved "https://registry.yarnpkg.com/resolve/-/resolve-1.15.1.tgz#27bdcdeffeaf2d6244b95bb0f9f4b4653451f3e8"
  integrity sha512-84oo6ZTtoTUpjgNEr5SJyzQhzL72gaRodsSfyxC/AXRvwu0Yse9H8eF9IpGo7b8YetZhlI6v7ZQ6bKBFV/6S7w==
  dependencies:
    path-parse "^1.0.6"

ts-transformer-keys@^0.4.1:
  version "0.4.1"
  resolved "https://registry.yarnpkg.com/ts-transformer-keys/-/ts-transformer-keys-0.4.1.tgz#209a07caea19cf6258ee2e159d5ad20982d8bb5d"
  integrity sha512-CahLCOHt6MS8Sixz5cU8XovuKOoP6hnQd91pxG3a7iuuLsdrbWLveQvKi7d/FJjRhEtVELp3bMnqvSpm+nCgKw==

ttypescript@^1.5.10:
  version "1.5.10"
  resolved "https://registry.yarnpkg.com/ttypescript/-/ttypescript-1.5.10.tgz#5045083a91cf09a735ecc95d4711c1f3b83f2059"
  integrity sha512-Hk7TRej1hM+p+Fo+Pyb/XK9pe9CAt3Sh5n5YRutxFS8hUgkh2u1Vd2K40kMcNP3WYhiVFBMqXwM/2E8O95Ep6g==
  dependencies:
    resolve "^1.9.0"

typescript@^3.8.3:
  version "3.8.3"
  resolved "https://registry.yarnpkg.com/typescript/-/typescript-3.8.3.tgz#409eb8544ea0335711205869ec458ab109ee1061"
  integrity sha512-MYlEfn5VrLNsgudQTVJeNaQFUAI7DkhnOjdpAp4T+ku1TfQClewlbSuTVHiA+8skNBgaf02TL/kLOvig4y3G8w==
