# THIS IS AN AUTOGENERATED FILE. DO NOT EDIT THIS FILE DIRECTLY.
# yarn lockfile v1


"@types/node@^13.9.0":
  version "13.9.0"
  resolved "https://registry.yarnpkg.com/@types/node/-/node-13.9.0.tgz#5b6ee7a77faacddd7de719017d0bc12f52f81589"
  integrity sha512-0ARSQootUG1RljH2HncpsY2TJBfGQIKOOi7kxzUY6z54ePu/ZD+wJA8zI2Q6v8rol2qpG/rvqsReco8zNMPvhQ==

amdefine@>=0.0.4:
  version "1.0.1"
  resolved "https://registry.yarnpkg.com/amdefine/-/amdefine-1.0.1.tgz#4a5282ac164729e93619bcfd3ad151f817ce91f5"
  integrity sha1-SlKCrBZHKek2Gbz9OtFR+BfOkfU=

async@~0.2.6:
  version "0.2.10"
  resolved "https://registry.yarnpkg.com/async/-/async-0.2.10.tgz#b6bbe0b0674b9d719708ca38de8c237cb526c3d1"
  integrity sha1-trvgsGdLnXGXCMo43owjfLUmw9E=

optimist@~0.3.5:
  version "0.3.7"
  resolved "https://registry.yarnpkg.com/optimist/-/optimist-0.3.7.tgz#c90941ad59e4273328923074d2cf2e7cbc6ec0d9"
  integrity sha1-yQlBrVnkJzMokjB00s8ufLxuwNk=
  dependencies:
    wordwrap "~0.0.2"

path-parse@^1.0.6:
  version "1.0.6"
  resolved "https://registry.yarnpkg.com/path-parse/-/path-parse-1.0.6.tgz#d62dbb5679405d72c4737ec58600e9ddcf06d24c"
  integrity sha512-GSmOT2EbHrINBf9SR7CDELwlJ8AENk3Qn7OikK4nFYAu3Ote2+JYNVvkpAEQm3/TLNEJFD/xZJjzyxg3KBWOzw==

require@^2.4.20:
  version "2.4.20"
  resolved "https://registry.yarnpkg.com/require/-/require-2.4.20.tgz#66cb6baaabb65de8a71d793f5c65fd184f3798b6"
  integrity sha1-Zstrqqu2XeinHXk/XGX9GE83mLY=
  dependencies:
    std "0.1.40"
    uglify-js "2.3.0"

resolve@^1.9.0:
  version "1.15.1"
  resolved "https://registry.yarnpkg.com/resolve/-/resolve-1.15.1.tgz#27bdcdeffeaf2d6244b95bb0f9f4b4653451f3e8"
  integrity sha512-84oo6ZTtoTUpjgNEr5SJyzQhzL72gaRodsSfyxC/AXRvwu0Yse9H8eF9IpGo7b8YetZhlI6v7ZQ6bKBFV/6S7w==
  dependencies:
    path-parse "^1.0.6"

source-map@~0.1.7:
  version "0.1.43"
  resolved "https://registry.yarnpkg.com/source-map/-/source-map-0.1.43.tgz#c24bc146ca517c1471f5dacbe2571b2b7f9e3346"
  integrity sha1-wkvBRspRfBRx9drL4lcbK3+eM0Y=
  dependencies:
    amdefine ">=0.0.4"

std@0.1.40:
  version "0.1.40"
  resolved "https://registry.yarnpkg.com/std/-/std-0.1.40.tgz#3678a5f65094d9e1b6b5e26edbfc0212b8342b71"
  integrity sha1-Nnil9lCU2eG2teJu2/wCErg0K3E=

ts-transformer-keys@^0.4.1:
  version "0.4.1"
  resolved "https://registry.yarnpkg.com/ts-transformer-keys/-/ts-transformer-keys-0.4.1.tgz#209a07caea19cf6258ee2e159d5ad20982d8bb5d"
  integrity sha512-CahLCOHt6MS8Sixz5cU8XovuKOoP6hnQd91pxG3a7iuuLsdrbWLveQvKi7d/FJjRhEtVELp3bMnqvSpm+nCgKw==

ttypescript@^1.5.10:
  version "1.5.10"
  resolved "https://registry.yarnpkg.com/ttypescript/-/ttypescript-1.5.10.tgz#5045083a91cf09a735ecc95d4711c1f3b83f2059"
  integrity sha512-Hk7TRej1hM+p+Fo+Pyb/XK9pe9CAt3Sh5n5YRutxFS8hUgkh2u1Vd2K40kMcNP3WYhiVFBMqXwM/2E8O95Ep6g==
  dependencies:
    resolve "^1.9.0"

typescript@^3.8.3:
  version "3.8.3"
  resolved "https://registry.yarnpkg.com/typescript/-/typescript-3.8.3.tgz#409eb8544ea0335711205869ec458ab109ee1061"
  integrity sha512-MYlEfn5VrLNsgudQTVJeNaQFUAI7DkhnOjdpAp4T+ku1TfQClewlbSuTVHiA+8skNBgaf02TL/kLOvig4y3G8w==

uglify-js@2.3.0:
  version "2.3.0"
  resolved "https://registry.yarnpkg.com/uglify-js/-/uglify-js-2.3.0.tgz#2cdec16d378a8a2b6ecfb6989784cf8b7ae5491f"
  integrity sha1-LN7BbTeKiituz7aYl4TPi3rlSR8=
  dependencies:
    async "~0.2.6"
    optimist "~0.3.5"
    source-map "~0.1.7"

wordwrap@~0.0.2:
  version "0.0.3"
  resolved "https://registry.yarnpkg.com/wordwrap/-/wordwrap-0.0.3.tgz#a3d5da6cd5c0bc0008d37234bbaf1bed63059107"
  integrity sha1-o9XabNXAvAAI03I0u68b7WMFkQc=
